
Microsoft Visual Studio Solution File, Format Version 12.00
# Visual Studio Version 17
VisualStudioVersion = 17.10.34916.146
MinimumVisualStudioVersion = 10.0.40219.1
Project("{9A19103F-16F7-4668-BE54-9A1E7A4F7556}") = "RCF.Modulum.Client.Infrastructure", "RCF.Modulum.Client.Infrastructure.csproj", "{7171069A-1CF8-4547-A6EE-E0F742804BD0}"
EndProject
Global
	GlobalSection(SolutionConfigurationPlatforms) = preSolution
		Debug|Any CPU = Debug|Any CPU
		Release|Any CPU = Release|Any CPU
	EndGlobalSection
	GlobalSection(ProjectConfigurationPlatforms) = postSolution
		{7171069A-1CF8-4547-A6EE-E0F742804BD0}.Debug|Any CPU.ActiveCfg = Debug|Any CPU
		{7171069A-1CF8-4547-A6EE-E0F742804BD0}.Debug|Any CPU.Build.0 = Debug|Any CPU
		{7171069A-1CF8-4547-A6EE-E0F742804BD0}.Release|Any CPU.ActiveCfg = Release|Any CPU
		{7171069A-1CF8-4547-A6EE-E0F742804BD0}.Release|Any CPU.Build.0 = Release|Any CPU
	EndGlobalSection
	GlobalSection(SolutionProperties) = preSolution
		HideSolutionNode = FALSE
	EndGlobalSection
	GlobalSection(ExtensibilityGlobals) = postSolution
		SolutionGuid = {C5381749-30A5-488C-ABC5-CA7957ED5772}
	EndGlobalSection
EndGlobal
